
Microsoft Visual Studio Solution File, Format Version 12.00
# Visual Studio Version 16
VisualStudioVersion = 16.0.30309.148
MinimumVisualStudioVersion = 10.0.40219.1
Project("{9A19103F-16F7-4668-BE54-9A1E7A4F7556}") = "Amadeus.Nyaapi.gRPC", "Amadeus.Nyaapi.gRPC\Amadeus.Nyaapi.gRPC.csproj", "{440B9B65-9E3D-4376-9E86-4F1DAE8F2E7D}"
EndProject
Project("{FAE04EC0-301F-11D3-BF4B-00C04F79EFBC}") = "Amadeus.Avalonia", "Amadeus.Avalonia\Amadeus.Avalonia.csproj", "{D4FC37B1-4F12-44CF-8879-4C259FDACA57}"
EndProject
Global
	GlobalSection(SolutionConfigurationPlatforms) = preSolution
		Debug|Any CPU = Debug|Any CPU
		Release|Any CPU = Release|Any CPU
	EndGlobalSection
	GlobalSection(ProjectConfigurationPlatforms) = postSolution
		{440B9B65-9E3D-4376-9E86-4F1DAE8F2E7D}.Debug|Any CPU.ActiveCfg = Debug|Any CPU
		{440B9B65-9E3D-4376-9E86-4F1DAE8F2E7D}.Debug|Any CPU.Build.0 = Debug|Any CPU
		{440B9B65-9E3D-4376-9E86-4F1DAE8F2E7D}.Release|Any CPU.ActiveCfg = Release|Any CPU
		{440B9B65-9E3D-4376-9E86-4F1DAE8F2E7D}.Release|Any CPU.Build.0 = Release|Any CPU
		{D4FC37B1-4F12-44CF-8879-4C259FDACA57}.Debug|Any CPU.ActiveCfg = Debug|Any CPU
		{D4FC37B1-4F12-44CF-8879-4C259FDACA57}.Debug|Any CPU.Build.0 = Debug|Any CPU
		{D4FC37B1-4F12-44CF-8879-4C259FDACA57}.Release|Any CPU.ActiveCfg = Release|Any CPU
		{D4FC37B1-4F12-44CF-8879-4C259FDACA57}.Release|Any CPU.Build.0 = Release|Any CPU
	EndGlobalSection
	GlobalSection(SolutionProperties) = preSolution
		HideSolutionNode = FALSE
	EndGlobalSection
	GlobalSection(ExtensibilityGlobals) = postSolution
		SolutionGuid = {83538E6A-DCFB-445C-A490-7C76BE22F92F}
	EndGlobalSection
EndGlobal
